
Microsoft Visual Studio Solution File, Format Version 12.00
# Visual Studio 15
VisualStudioVersion = 15.0.26730.12
MinimumVisualStudioVersion = 10.0.40219.1
Project("{9A19103F-16F7-4668-BE54-9A1E7A4F7556}") = "EmployeePortal", "EmployeePortal\EmployeePortal.csproj", "{C9A4E8DF-2387-4D59-A4B9-29CDF7FAF06C}"
EndProject
Project("{9A19103F-16F7-4668-BE54-9A1E7A4F7556}") = "PortalWeb", "PortalWeb\PortalWeb.csproj", "{13459DE5-E401-42BF-8940-985518DD2C43}"
EndProject
Project("{FAE04EC0-301F-11D3-BF4B-00C04F79EFBC}") = "EmployeePortal.UI", "EmployeePortal.UI\EmployeePortal.UI.csproj", "{47E289BB-4274-49FB-8A95-E31E4894BADD}"
EndProject
Global
	GlobalSection(SolutionConfigurationPlatforms) = preSolution
		Debug|Any CPU = Debug|Any CPU
		Release|Any CPU = Release|Any CPU
	EndGlobalSection
	GlobalSection(ProjectConfigurationPlatforms) = postSolution
		{C9A4E8DF-2387-4D59-A4B9-29CDF7FAF06C}.Debug|Any CPU.ActiveCfg = Debug|Any CPU
		{C9A4E8DF-2387-4D59-A4B9-29CDF7FAF06C}.Debug|Any CPU.Build.0 = Debug|Any CPU
		{C9A4E8DF-2387-4D59-A4B9-29CDF7FAF06C}.Release|Any CPU.ActiveCfg = Release|Any CPU
		{C9A4E8DF-2387-4D59-A4B9-29CDF7FAF06C}.Release|Any CPU.Build.0 = Release|Any CPU
		{13459DE5-E401-42BF-8940-985518DD2C43}.Debug|Any CPU.ActiveCfg = Debug|Any CPU
		{13459DE5-E401-42BF-8940-985518DD2C43}.Debug|Any CPU.Build.0 = Debug|Any CPU
		{13459DE5-E401-42BF-8940-985518DD2C43}.Release|Any CPU.ActiveCfg = Release|Any CPU
		{13459DE5-E401-42BF-8940-985518DD2C43}.Release|Any CPU.Build.0 = Release|Any CPU
		{47E289BB-4274-49FB-8A95-E31E4894BADD}.Debug|Any CPU.ActiveCfg = Debug|Any CPU
		{47E289BB-4274-49FB-8A95-E31E4894BADD}.Debug|Any CPU.Build.0 = Debug|Any CPU
		{47E289BB-4274-49FB-8A95-E31E4894BADD}.Release|Any CPU.ActiveCfg = Release|Any CPU
		{47E289BB-4274-49FB-8A95-E31E4894BADD}.Release|Any CPU.Build.0 = Release|Any CPU
	EndGlobalSection
	GlobalSection(SolutionProperties) = preSolution
		HideSolutionNode = FALSE
	EndGlobalSection
	GlobalSection(ExtensibilityGlobals) = postSolution
		SolutionGuid = {05F1EC38-11B2-4534-9489-53486E7D2A97}
	EndGlobalSection
EndGlobal
